
Microsoft Visual Studio Solution File, Format Version 12.00
# Visual Studio 14
VisualStudioVersion = 14.0.24720.0
MinimumVisualStudioVersion = 10.0.40219.1
Project("{2150E333-8FDC-42A3-9474-1A3956D46DE8}") = "Solution Items", "Solution Items", "{6A1C7F92-AE2C-4EA0-878A-11A02097E7F9}"
	ProjectSection(SolutionItems) = preProject
		RulesSrc\abilityscores.php = RulesSrc\abilityscores.php
		about_content.php = about_content.php
		analysis.php = analysis.php
		analysis_class.php = analysis_class.php
		analysis_class_content.php = analysis_class_content.php
		analysis_content.php = analysis_content.php
		analysis_spell.php = analysis_spell.php
		analysis_spell_content.php = analysis_spell_content.php
		analysis_weapon.php = analysis_weapon.php
		analysis_weapon_content.php = analysis_weapon_content.php
		analysis_weapona.php = analysis_weapona.php
		analysis_weapona_content.php = analysis_weapona_content.php
		images\rold20images\Areas.gif = images\rold20images\Areas.gif
		Styles\bg_menu.gif = Styles\bg_menu.gif
		Styles\bg_submenu.gif = Styles\bg_submenu.gif
		images\rold20images\Characteristics.gif = images\rold20images\Characteristics.gif
		images\rold20images\Characteristics.png = images\rold20images\Characteristics.png
		images\rold20images\Characteristics.svg = images\rold20images\Characteristics.svg
		images\rold20images\chardependencies.jpg = images\rold20images\chardependencies.jpg
		RulesSrc\chargen.php = RulesSrc\chargen.php
		RulesSrc\conditions.php = RulesSrc\conditions.php
		RulesSrc\creature.php = RulesSrc\creature.php
		images\rold20images\Diseases.gif = images\rold20images\Diseases.gif
		images\rold20images\Diseases2.gif = images\rold20images\Diseases2.gif
		images\rold20images\Diseases3.gif = images\rold20images\Diseases3.gif
		images\rold20images\Diseases4.gif = images\rold20images\Diseases4.gif
		RulesSrc\entity.php = RulesSrc\entity.php
		RulesSrc\equipment.php = RulesSrc\equipment.php
		RulesSrc\global.php = RulesSrc\global.php
		images\rold20images\goldparchment.jpg = images\rold20images\goldparchment.jpg
		Styles\goldparchment.jpg = Styles\goldparchment.jpg
		hb01_intro.php = hb01_intro.php
		hb01_intro_content.php = hb01_intro_content.php
		hb02_coremech.php = hb02_coremech.php
		hb02_coremech_content.php = hb02_coremech_content.php
		hb03_chargen.php = hb03_chargen.php
		hb03_chargen_content.php = hb03_chargen_content.php
		hb04_combat.php = hb04_combat.php
		hb04_combat_content.php = hb04_combat_content.php
		hb05_magic.php = hb05_magic.php
		hb05_magic_content.php = hb05_magic_content.php
		hb06_environment.php = hb06_environment.php
		hb06_environment_content.php = hb06_environment_content.php
		hb07_culture.php = hb07_culture.php
		hb07_culture_content.php = hb07_culture_content.php
		hb08_encounters.php = hb08_encounters.php
		hb08_encounters_content.php = hb08_encounters_content.php
		hb09_skills.php = hb09_skills.php
		hb09_skills_content.php = hb09_skills_content.php
		hb10_actions.php = hb10_actions.php
		hb10_actions_content.php = hb10_actions_content.php
		hb11_spells.php = hb11_spells.php
		hb11_spells_content.php = hb11_spells_content.php
		hb12_equipment.php = hb12_equipment.php
		hb12_equipment_content.php = hb12_equipment_content.php
		hb12a_equipment.php = hb12a_equipment.php
		hb12a_equipment_content.php = hb12a_equipment_content.php
		hb12b_equipment.php = hb12b_equipment.php
		hb12b_equipment_content.php = hb12b_equipment_content.php
		hb12c_equipment.php = hb12c_equipment.php
		hb12c_equipment_content.php = hb12c_equipment_content.php
		hb12d_equipment.php = hb12d_equipment.php
		hb12d_equipment_content.php = hb12d_equipment_content.php
		hb13_creatures.php = hb13_creatures.php
		hb13_creatures_content.php = hb13_creatures_content.php
		hb13a_creatures.php = hb13a_creatures.php
		hb13a_creatures_content.php = hb13a_creatures_content.php
		hb13b_creatures.php = hb13b_creatures.php
		hb13b_creatures_content.php = hb13b_creatures_content.php
		hb13c_creatures.php = hb13c_creatures.php
		hb13c_creatures_content.php = hb13c_creatures_content.php
		hb13d_creatures.php = hb13d_creatures.php
		hb13d_creatures_content.php = hb13d_creatures_content.php
		hb13e_creatures.php = hb13e_creatures.php
		hb13e_creatures_content.php = hb13e_creatures_content.php
		hb13f_creatures.php = hb13f_creatures.php
		hb13f_creatures_content.php = hb13f_creatures_content.php
		hb13g_creatures.php = hb13g_creatures.php
		hb13g_creatures_content.php = hb13g_creatures_content.php
		hb13h_creatures.php = hb13h_creatures.php
		hb13h_creatures_content.php = hb13h_creatures_content.php
		hb13i_creatures.php = hb13i_creatures.php
		hb13i_creatures_content.php = hb13i_creatures_content.php
		hb13j_creatures.php = hb13j_creatures.php
		hb13j_creatures_content.php = hb13j_creatures_content.php
		hb13k_creatures.php = hb13k_creatures.php
		hb13k_creatures_content.php = hb13k_creatures_content.php
		hb13l_creatures.php = hb13l_creatures.php
		hb13l_creatures_content.php = hb13l_creatures_content.php
		hb14_cultures.php = hb14_cultures.php
		hb14_cultures_content.php = hb14_cultures_content.php
		hb15_index.php = hb15_index.php
		hb15_index_content.php = hb15_index_content.php
		RulesSrc\helpfuncs.php = RulesSrc\helpfuncs.php
		index.php = index.php
		RulesSrc\modifiers.php = RulesSrc\modifiers.php
		phpinfo.php = phpinfo.php
		images\rold20images\Poisons1.gif = images\rold20images\Poisons1.gif
		images\rold20images\Poisons10.gif = images\rold20images\Poisons10.gif
		images\rold20images\Poisons11.gif = images\rold20images\Poisons11.gif
		images\rold20images\Poisons12.gif = images\rold20images\Poisons12.gif
		images\rold20images\Poisons13.gif = images\rold20images\Poisons13.gif
		images\rold20images\Poisons2.gif = images\rold20images\Poisons2.gif
		images\rold20images\Poisons3.gif = images\rold20images\Poisons3.gif
		images\rold20images\Poisons4.gif = images\rold20images\Poisons4.gif
		images\rold20images\Poisons5.gif = images\rold20images\Poisons5.gif
		images\rold20images\Poisons6.gif = images\rold20images\Poisons6.gif
		images\rold20images\Poisons7.gif = images\rold20images\Poisons7.gif
		images\rold20images\Poisons8.gif = images\rold20images\Poisons8.gif
		images\rold20images\Poisons9.gif = images\rold20images\Poisons9.gif
		images\rold20images\Possession.gif = images\rold20images\Possession.gif
		images\rold20images\Reach1.gif = images\rold20images\Reach1.gif
		images\rold20images\Reach2.gif = images\rold20images\Reach2.gif
		images\rold20images\Reach3.gif = images\rold20images\Reach3.gif
		images\rold20images\reddragon.gif = images\rold20images\reddragon.gif
		Styles\reddragon.gif = Styles\reddragon.gif
		images\rold20images\reddragon_sml.gif = images\rold20images\reddragon_sml.gif
		Styles\reddragon_sml.gif = Styles\reddragon_sml.gif
		RulesSrc\rolcalc.php = RulesSrc\rolcalc.php
		Styles\rold20.ico = Styles\rold20.ico
		script_chargen.js = script_chargen.js
		RulesSrc\showtables.php = RulesSrc\showtables.php
		RulesSrc\showtables_actions.php = RulesSrc\showtables_actions.php
		RulesSrc\showtables_analysis.php = RulesSrc\showtables_analysis.php
		RulesSrc\showtables_characteristics.php = RulesSrc\showtables_characteristics.php
		RulesSrc\showtables_classes.php = RulesSrc\showtables_classes.php
		RulesSrc\showtables_creatures.php = RulesSrc\showtables_creatures.php
		RulesSrc\showtables_environment.php = RulesSrc\showtables_environment.php
		RulesSrc\showtables_items.php = RulesSrc\showtables_items.php
		RulesSrc\showtables_pcgen.php = RulesSrc\showtables_pcgen.php
		RulesSrc\showtables_skills.php = RulesSrc\showtables_skills.php
		RulesSrc\showtables_spells.php = RulesSrc\showtables_spells.php
		Styles\Site.css = Styles\Site.css
		template.php = template.php
		test.php = test.php
		test_content.php = test_content.php
		RulesSrc\trait.php = RulesSrc\trait.php
		images\rold20images\Unconsciousness.bak.gif = images\rold20images\Unconsciousness.bak.gif
		images\rold20images\Unconsciousness.gif = images\rold20images\Unconsciousness.gif
		util_campaign.php = util_campaign.php
		util_campaign_content.php = util_campaign_content.php
		util_chargen.php = util_chargen.php
		util_chargen_content.php = util_chargen_content.php
		util_charview.php = util_charview.php
		util_charview_content.php = util_charview_content.php
		util_itemgen.php = util_itemgen.php
		util_itemgen_content.php = util_itemgen_content.php
		util_npcgen.php = util_npcgen.php
		util_npcgen_content.php = util_npcgen_content.php
	EndProjectSection
EndProject
Global
	GlobalSection(SolutionProperties) = preSolution
		HideSolutionNode = FALSE
	EndGlobalSection
EndGlobal
